# Run ./gradlew writeVersionsLock to regenerate this file
ch.qos.logback:logback-classic:1.4.14 (1 constraints: 7f1626ff)
ch.qos.logback:logback-core:1.4.14 (1 constraints: 3b0d3e2a)
com.fasterxml.jackson:jackson-bom:2.15.4 (6 constraints: e57c6855)
com.fasterxml.jackson.core:jackson-annotations:2.15.4 (3 constraints: ba375b04)
com.fasterxml.jackson.core:jackson-core:2.15.4 (5 constraints: a1662f1d)
com.fasterxml.jackson.core:jackson-databind:2.15.4 (5 constraints: 696907e7)
com.fasterxml.jackson.datatype:jackson-datatype-jdk8:2.15.4 (2 constraints: 0f24bc82)
com.fasterxml.jackson.datatype:jackson-datatype-jsr310:2.15.4 (2 constraints: 0f24bc82)
com.fasterxml.jackson.module:jackson-module-parameter-names:2.15.4 (2 constraints: 0f24bc82)
io.micrometer:micrometer-commons:1.12.3 (1 constraints: 56100ba4)
io.micrometer:micrometer-observation:1.12.3 (2 constraints: 821d0636)
jakarta.annotation:jakarta.annotation-api:2.1.1 (2 constraints: 1e295784)
org.apache.logging.log4j:log4j-api:2.21.1 (1 constraints: 031090b9)
org.apache.logging.log4j:log4j-to-slf4j:2.21.1 (1 constraints: 7b1624ff)
org.apache.tomcat.embed:tomcat-embed-core:10.1.19 (2 constraints: ee293a24)
org.apache.tomcat.embed:tomcat-embed-el:10.1.19 (1 constraints: 521638fd)
org.apache.tomcat.embed:tomcat-embed-websocket:10.1.19 (1 constraints: 521638fd)
org.slf4j:jul-to-slf4j:2.0.12 (1 constraints: 7a161aff)
org.slf4j:slf4j-api:2.0.12 (4 constraints: 1134a3fe)
org.springframework:spring-aop:6.1.4 (2 constraints: 701efd62)
org.springframework:spring-beans:6.1.4 (4 constraints: d439ff02)
org.springframework:spring-context:6.1.4 (2 constraints: 011f879a)
org.springframework:spring-core:6.1.4 (10 constraints: b29fcb3c)
org.springframework:spring-expression:6.1.4 (2 constraints: 701efd62)
org.springframework:spring-jcl:6.1.4 (1 constraints: 1d0e5141)
org.springframework:spring-web:6.1.4 (3 constraints: c038a7fc)
org.springframework:spring-webmvc:6.1.4 (1 constraints: a7149389)
org.springframework.boot:spring-boot:3.2.3 (4 constraints: 7552a348)
org.springframework.boot:spring-boot-autoconfigure:3.2.3 (2 constraints: d42afa35)
org.springframework.boot:spring-boot-starter:3.2.3 (3 constraints: e83e9dff)
org.springframework.boot:spring-boot-starter-json:3.2.3 (1 constraints: a4148689)
org.springframework.boot:spring-boot-starter-logging:3.2.3 (1 constraints: 39131633)
org.springframework.boot:spring-boot-starter-tomcat:3.2.3 (1 constraints: a4148689)
org.springframework.boot:spring-boot-starter-web:3.2.3 (1 constraints: 0a050336)
org.yaml:snakeyaml:2.2 (1 constraints: d712d40c)

[Test dependencies]
com.jayway.jsonpath:json-path:2.9.0 (1 constraints: 2915b4a1)
com.vaadin.external.google:android-json:0.0.20131108.vaadin1 (1 constraints: 6f103eca)
jakarta.activation:jakarta.activation-api:2.1.2 (1 constraints: 8e0f4991)
jakarta.xml.bind:jakarta.xml.bind-api:4.0.1 (1 constraints: 2315a4a1)
net.bytebuddy:byte-buddy:1.14.9 (2 constraints: c516ab4f)
net.bytebuddy:byte-buddy-agent:1.14.9 (1 constraints: 490b47de)
net.minidev:accessors-smart:2.5.0 (1 constraints: 480a8cb8)
net.minidev:json-smart:2.5.0 (2 constraints: 2822b5ad)
org.assertj:assertj-core:3.24.2 (1 constraints: 591507b7)
org.awaitility:awaitility:4.2.0 (1 constraints: 2415a9a1)
org.hamcrest:hamcrest:2.2 (2 constraints: 3220f4c5)
org.junit:junit-bom:5.10.2 (6 constraints: 4863ccc1)
org.junit.jupiter:junit-jupiter:5.10.2 (2 constraints: 941e3177)
org.junit.jupiter:junit-jupiter-api:5.10.2 (5 constraints: 1f4807e8)
org.junit.jupiter:junit-jupiter-engine:5.10.2 (2 constraints: 7317c263)
org.junit.jupiter:junit-jupiter-params:5.10.2 (2 constraints: 7317c263)
org.junit.platform:junit-platform-commons:1.10.2 (3 constraints: 692ae28e)
org.junit.platform:junit-platform-engine:1.10.2 (2 constraints: 0e1a921e)
org.mockito:mockito-core:5.7.0 (2 constraints: f0236d56)
org.mockito:mockito-junit-jupiter:5.7.0 (1 constraints: 2a15bda1)
org.objenesis:objenesis:3.3 (1 constraints: b20a14bd)
org.opentest4j:opentest4j:1.3.0 (2 constraints: cf209249)
org.ow2.asm:asm:9.3 (1 constraints: fb0bdde3)
org.skyscreamer:jsonassert:1.5.1 (1 constraints: 2515a4a1)
org.springframework:spring-test:6.1.4 (1 constraints: 2915b4a1)
org.springframework.boot:spring-boot-starter-test:3.2.3 (1 constraints: 0a050336)
org.springframework.boot:spring-boot-test:3.2.3 (2 constraints: c12cda1f)
org.springframework.boot:spring-boot-test-autoconfigure:3.2.3 (1 constraints: 2615a7a1)
org.xmlunit:xmlunit-core:2.9.1 (1 constraints: 2a15b5a1)
